<?xml version="1.0" encoding="UTF-8" standalone="yes" ?>
<CodeBlocks_project_file>
	<FileVersion major="1" minor="6" />
	<Project>
		<Option title="okrety-delta" />
		<Option pch_mode="2" />
		<Option compiler="gcc" />
		<Build>
			<Target title="Debug">
				<Option output="okrety-delta" prefix_auto="1" extension_auto="1" />
				<Option working_dir="../okrety-delta" />
				<Option object_output="obj/Debug/" />
				<Option type="1" />
				<Option compiler="gcc" />
				<Compiler>
					<Add option="-g" />
				</Compiler>
			</Target>
			<Target title="Client">
				<Option output="okrety-delta" prefix_auto="1" extension_auto="1" />
				<Option type="1" />
				<Option compiler="gcc" />
			</Target>
			<Target title="Server">
				<Option output="okrety-delta" prefix_auto="1" extension_auto="1" />
				<Option type="1" />
				<Option compiler="gcc" />
			</Target>
		</Build>
		<Compiler>
			<Add option="-Wall" />
			<Add option="-fexceptions" />
		</Compiler>
		<Linker>
			<Add library="SDL2" />
			<Add library="SDL2_image" />
		</Linker>
		<Unit filename="AVE.cpp" />
		<Unit filename="AVE.hpp" />
		<Unit filename="clientMain.cpp">
			<Option target="Client" />
		</Unit>
		<Unit filename="common.cpp" />
		<Unit filename="common.hpp" />
		<Unit filename="event.cpp" />
		<Unit filename="event.hpp" />
		<Unit filename="gameCONSTS.cpp" />
		<Unit filename="gameCONSTS.hpp" />
		<Unit filename="gameClient.cpp">
			<Option target="Debug" />
			<Option target="Client" />
		</Unit>
		<Unit filename="gameClient.hpp">
			<Option target="Debug" />
			<Option target="Client" />
		</Unit>
		<Unit filename="gameCommon.cpp" />
		<Unit filename="gameCommon.hpp" />
		<Unit filename="gameGUI.cpp">
			<Option target="Debug" />
			<Option target="Client" />
		</Unit>
		<Unit filename="gameGUI.hpp">
			<Option target="Debug" />
			<Option target="Client" />
		</Unit>
		<Unit filename="networking/client.cpp" />
		<Unit filename="networking/client.hpp">
			<Option target="Debug" />
			<Option target="Client" />
		</Unit>
		<Unit filename="networking/messages.cpp" />
		<Unit filename="networking/messages.hpp" />
		<Unit filename="networking/server.hpp">
			<Option target="Debug" />
			<Option target="Server" />
		</Unit>
		<Unit filename="serverMain.cpp">
			<Option target="Server" />
		</Unit>
		<Unit filename="sprite.cpp" />
		<Unit filename="sprite.hpp" />
		<Unit filename="testing.cpp">
			<Option target="Debug" />
		</Unit>
		<Unit filename="texture.cpp" />
		<Unit filename="texture.hpp" />
		<Unit filename="window.cpp" />
		<Unit filename="window.hpp" />
		<Extensions />
	</Project>
</CodeBlocks_project_file>
